# Generated by pub
# See https://dart.dev/tools/pub/glossary#lockfile
packages:
  core_domain:
    dependency: "direct main"
    description:
      path: core_domain
      ref: HEAD
      resolved-ref: def9a9a7c771db7a129b172946f2686fcbf88efd
      url: "git@github.com:RuiMiguel/flutter_core.git"
    source: git
    version: "0.0.1"
  dartz:
    dependency: "direct main"
    description:
      name: dartz
      url: "https://pub.dartlang.org"
    source: hosted
    version: "0.10.0-nullsafety.1"
sdks:
  dart: ">=2.12.0-0 <3.0.0"
