# Generated by pub
# See https://dart.dev/tools/pub/glossary#lockfile
packages:
  core_domain:
    dependency: "direct main"
    description:
      path: "../core_domain"
      relative: true
    source: path
    version: "0.0.1"
  dartz:
    dependency: "direct main"
    description:
      name: dartz
      url: "https://pub.dartlang.org"
    source: hosted
    version: "0.10.0-nullsafety.1"
sdks:
  dart: ">=2.12.0-0 <3.0.0"
